// !$*UTF8*$!
{
	archiveVersion = 1;
	classes = {
	};
	objectVersion = 46;
	objects = {

/* Begin PBXBuildFile section */
		A1646F141CC29D0800FC226D /* Nikhil_Thota_80516143_INVCNT.cpp in Sources */ = {isa = PBXBuildFile; fileRef = A1646F131CC29D0800FC226D /* Nikhil_Thota_80516143_INVCNT.cpp */; };
		A1C6835A1CC15DC2005AD3BD /* Nikhil_Thota_80516143_PTO7Y.cpp in Sources */ = {isa = PBXBuildFile; fileRef = A1C683591CC15DC2005AD3BD /* Nikhil_Thota_80516143_PTO7Y.cpp */; };
/* End PBXBuildFile section */

/* Begin PBXCopyFilesBuildPhase section */
		A1C683541CC15DC2005AD3BD /* CopyFiles */ = {
			isa = PBXCopyFilesBuildPhase;
			buildActionMask = 2147483647;
			dstPath = /usr/share/man/man1/;
			dstSubfolderSpec = 0;
			files = (
			);
			runOnlyForDeploymentPostprocessing = 1;
		};
/* End PBXCopyFilesBuildPhase section */

/* Begin PBXFileReference section */
		A1646F131CC29D0800FC226D /* Nikhil_Thota_80516143_INVCNT.cpp */ = {isa = PBXFileReference; fileEncoding = 4; lastKnownFileType = sourcecode.cpp.cpp; path = Nikhil_Thota_80516143_INVCNT.cpp; sourceTree = "<group>"; };
		A1C683561CC15DC2005AD3BD /* Assignment 5 */ = {isa = PBXFileReference; explicitFileType = "compiled.mach-o.executable"; includeInIndex = 0; path = "Assignment 5"; sourceTree = BUILT_PRODUCTS_DIR; };
		A1C683591CC15DC2005AD3BD /* Nikhil_Thota_80516143_PTO7Y.cpp */ = {isa = PBXFileReference; lastKnownFileType = sourcecode.cpp.cpp; path = Nikhil_Thota_80516143_PTO7Y.cpp; sourceTree = "<group>"; };
/* End PBXFileReference section */

/* Begin PBXFrameworksBuildPhase section */
		A1C683531CC15DC2005AD3BD /* Frameworks */ = {
			isa = PBXFrameworksBuildPhase;
			buildActionMask = 2147483647;
			files = (
			);
			runOnlyForDeploymentPostprocessing = 0;
		};
/* End PBXFrameworksBuildPhase section */

/* Begin PBXGroup section */
		A1C6834D1CC15DC2005AD3BD = {
			isa = PBXGroup;
			children = (
				A1C683581CC15DC2005AD3BD /* Assignment 5 */,
				A1C683571CC15DC2005AD3BD /* Products */,
			);
			sourceTree = "<group>";
		};
		A1C683571CC15DC2005AD3BD /* Products */ = {
			isa = PBXGroup;
			children = (
				A1C683561CC15DC2005AD3BD /* Assignment 5 */,
			);
			name = Products;
			sourceTree = "<group>";
		};
		A1C683581CC15DC2005AD3BD /* Assignment 5 */ = {
			isa = PBXGroup;
			children = (
				A1C683591CC15DC2005AD3BD /* Nikhil_Thota_80516143_PTO7Y.cpp */,
				A1646F131CC29D0800FC226D /* Nikhil_Thota_80516143_INVCNT.cpp */,
			);
			path = "Assignment 5";
			sourceTree = "<group>";
		};
/* End PBXGroup section */

/* Begin PBXNativeTarget section */
		A1C683551CC15DC2005AD3BD /* Assignment 5 */ = {
			isa = PBXNativeTarget;
			buildConfigurationList = A1C6835D1CC15DC2005AD3BD /* Build configuration list for PBXNativeTarget "Assignment 5" */;
			buildPhases = (
				A1C683521CC15DC2005AD3BD /* Sources */,
				A1C683531CC15DC2005AD3BD /* Frameworks */,
				A1C683541CC15DC2005AD3BD /* CopyFiles */,
			);
			buildRules = (
			);
			dependencies = (
			);
			name = "Assignment 5";
			productName = "Assignment 5";
			productReference = A1C683561CC15DC2005AD3BD /* Assignment 5 */;
			productType = "com.apple.product-type.tool";
		};
/* End PBXNativeTarget section */

/* Begin PBXProject section */
		A1C6834E1CC15DC2005AD3BD /* Project object */ = {
			isa = PBXProject;
			attributes = {
				LastUpgradeCheck = 0730;
				ORGANIZATIONNAME = "Nikhil Thota";
				TargetAttributes = {
					A1C683551CC15DC2005AD3BD = {
						CreatedOnToolsVersion = 7.3;
					};
				};
			};
			buildConfigurationList = A1C683511CC15DC2005AD3BD /* Build configuration list for PBXProject "Assignment 5" */;
			compatibilityVersion = "Xcode 3.2";
			developmentRegion = English;
			hasScannedForEncodings = 0;
			knownRegions = (
				en,
			);
			mainGroup = A1C6834D1CC15DC2005AD3BD;
			productRefGroup = A1C683571CC15DC2005AD3BD /* Products */;
			projectDirPath = "";
			projectRoot = "";
			targets = (
				A1C683551CC15DC2005AD3BD /* Assignment 5 */,
			);
		};
/* End PBXProject section */

/* Begin PBXSourcesBuildPhase section */
		A1C683521CC15DC2005AD3BD /* Sources */ = {
			isa = PBXSourcesBuildPhase;
			buildActionMask = 2147483647;
			files = (
				A1646F141CC29D0800FC226D /* Nikhil_Thota_80516143_INVCNT.cpp in Sources */,
				A1C6835A1CC15DC2005AD3BD /* Nikhil_Thota_80516143_PTO7Y.cpp in Sources */,
			);
			runOnlyForDeploymentPostprocessing = 0;
		};
/* End PBXSourcesBuildPhase section */

/* Begin XCBuildConfiguration section */
		A1C6835B1CC15DC2005AD3BD /* Debug */ = {
			isa = XCBuildConfiguration;
			buildSettings = {
				ALWAYS_SEARCH_USER_PATHS = NO;
				CLANG_ANALYZER_NONNULL = YES;
				CLANG_CXX_LANGUAGE_STANDARD = "gnu++0x";
				CLANG_CXX_LIBRARY = "libc++";
				CLANG_ENABLE_MODULES = YES;
				CLANG_ENABLE_OBJC_ARC = YES;
				CLANG_WARN_BOOL_CONVERSION = YES;
				CLANG_WARN_CONSTANT_CONVERSION = YES;
				CLANG_WARN_DIRECT_OBJC_ISA_USAGE = YES_ERROR;
				CLANG_WARN_EMPTY_BODY = YES;
				CLANG_WARN_ENUM_CONVERSION = YES;
				CLANG_WARN_INT_CONVERSION = YES;
				CLANG_WARN_OBJC_ROOT_CLASS = YES_ERROR;
				CLANG_WARN_UNREACHABLE_CODE = YES;
				CLANG_WARN__DUPLICATE_METHOD_MATCH = YES;
				CODE_SIGN_IDENTITY = "-";
				COPY_PHASE_STRIP = NO;
				DEBUG_INFORMATION_FORMAT = dwarf;
				ENABLE_STRICT_OBJC_MSGSEND = YES;
				ENABLE_TESTABILITY = YES;
				GCC_C_LANGUAGE_STANDARD = gnu99;
				GCC_DYNAMIC_NO_PIC = NO;
				GCC_NO_COMMON_BLOCKS = YES;
				GCC_OPTIMIZATION_LEVEL = 0;
				GCC_PREPROCESSOR_DEFINITIONS = (
					"DEBUG=1",
					"$(inherited)",
				);
				GCC_WARN_64_TO_32_BIT_CONVERSION = YES;
				GCC_WARN_ABOUT_RETURN_TYPE = YES_ERROR;
				GCC_WARN_UNDECLARED_SELECTOR = YES;
				GCC_WARN_UNINITIALIZED_AUTOS = YES_AGGRESSIVE;
				GCC_WARN_UNUSED_FUNCTION = YES;
				GCC_WARN_UNUSED_VARIABLE = YES;
				MACOSX_DEPLOYMENT_TARGET = 10.11;
				MTL_ENABLE_DEBUG_INFO = YES;
				ONLY_ACTIVE_ARCH = YES;
				SDKROOT = macosx;
			};
			name = Debug;
		};
		A1C6835C1CC15DC2005AD3BD /* Release */ = {
			isa = XCBuildConfiguration;
			buildSettings = {
				ALWAYS_SEARCH_USER_PATHS = NO;
				CLANG_ANALYZER_NONNULL = YES;
				CLANG_CXX_LANGUAGE_STANDARD = "gnu++0x";
				CLANG_CXX_LIBRARY = "libc++";
				CLANG_ENABLE_MODULES = YES;
				CLANG_ENABLE_OBJC_ARC = YES;
				CLANG_WARN_BOOL_CONVERSION = YES;
				CLANG_WARN_CONSTANT_CONVERSION = YES;
				CLANG_WARN_DIRECT_OBJC_ISA_USAGE = YES_ERROR;
				CLANG_WARN_EMPTY_BODY = YES;
				CLANG_WARN_ENUM_CONVERSION = YES;
				CLANG_WARN_INT_CONVERSION = YES;
				CLANG_WARN_OBJC_ROOT_CLASS = YES_ERROR;
				CLANG_WARN_UNREACHABLE_CODE = YES;
				CLANG_WARN__DUPLICATE_METHOD_MATCH = YES;
				CODE_SIGN_IDENTITY = "-";
				COPY_PHASE_STRIP = NO;
				DEBUG_INFORMATION_FORMAT = "dwarf-with-dsym";
				ENABLE_NS_ASSERTIONS = NO;
				ENABLE_STRICT_OBJC_MSGSEND = YES;
				GCC_C_LANGUAGE_STANDARD = gnu99;
				GCC_NO_COMMON_BLOCKS = YES;
				GCC_WARN_64_TO_32_BIT_CONVERSION = YES;
				GCC_WARN_ABOUT_RETURN_TYPE = YES_ERROR;
				GCC_WARN_UNDECLARED_SELECTOR = YES;
				GCC_WARN_UNINITIALIZED_AUTOS = YES_AGGRESSIVE;
				GCC_WARN_UNUSED_FUNCTION = YES;
				GCC_WARN_UNUSED_VARIABLE = YES;
				MACOSX_DEPLOYMENT_TARGET = 10.11;
				MTL_ENABLE_DEBUG_INFO = NO;
				SDKROOT = macosx;
			};
			name = Release;
		};
		A1C6835E1CC15DC2005AD3BD /* Debug */ = {
			isa = XCBuildConfiguration;
			buildSettings = {
				PRODUCT_NAME = "$(TARGET_NAME)";
			};
			name = Debug;
		};
		A1C6835F1CC15DC2005AD3BD /* Release */ = {
			isa = XCBuildConfiguration;
			buildSettings = {
				PRODUCT_NAME = "$(TARGET_NAME)";
			};
			name = Release;
		};
/* End XCBuildConfiguration section */

/* Begin XCConfigurationList section */
		A1C683511CC15DC2005AD3BD /* Build configuration list for PBXProject "Assignment 5" */ = {
			isa = XCConfigurationList;
			buildConfigurations = (
				A1C6835B1CC15DC2005AD3BD /* Debug */,
				A1C6835C1CC15DC2005AD3BD /* Release */,
			);
			defaultConfigurationIsVisible = 0;
			defaultConfigurationName = Release;
		};
		A1C6835D1CC15DC2005AD3BD /* Build configuration list for PBXNativeTarget "Assignment 5" */ = {
			isa = XCConfigurationList;
			buildConfigurations = (
				A1C6835E1CC15DC2005AD3BD /* Debug */,
				A1C6835F1CC15DC2005AD3BD /* Release */,
			);
			defaultConfigurationIsVisible = 0;
			defaultConfigurationName = Release;
		};
/* End XCConfigurationList section */
	};
	rootObject = A1C6834E1CC15DC2005AD3BD /* Project object */;
}
